
Microsoft Visual Studio Solution File, Format Version 12.00
# Visual Studio 2012
Project("{FAE04EC0-301F-11D3-BF4B-00C04F79EFBC}") = "CodeTester", "CodeTester\CodeTester.csproj", "{180EDF1E-B351-4A1B-A6B5-E35BDD6FDC9B}"
EndProject
Project("{FAE04EC0-301F-11D3-BF4B-00C04F79EFBC}") = "DBModel", "DBModel\DBModel.csproj", "{211C283A-F1E6-44B5-9834-BE54E38B43EB}"
EndProject
Project("{FAE04EC0-301F-11D3-BF4B-00C04F79EFBC}") = "PeakCalculater", "PeakCalculater\PeakCalculater.csproj", "{A4DAE8BC-7752-45F4-90FD-92604BB3D77F}"
EndProject
Project("{FAE04EC0-301F-11D3-BF4B-00C04F79EFBC}") = "StockDBRepository", "StockDBRepository\StockDBRepository.csproj", "{03F5E7D0-EE4A-4CB5-AB35-D5CA77AEFE20}"
EndProject
Project("{FAE04EC0-301F-11D3-BF4B-00C04F79EFBC}") = "Downloader", "Downloader\Downloader.csproj", "{82E9526E-69AD-43BB-8B51-AA71553779D6}"
EndProject
Global
	GlobalSection(SourceCodeControl) = preSolution
		SccNumberOfProjects = 3
		SccProjectName0 = \u0022$/PeackCalculate/PeackCalculater\u0022,\u0020CAAAAAAA
		SccLocalPath0 = ..
		SccProvider0 = MSSCCI:Microsoft\u0020Visual\u0020SourceSafe
		SccProjectFilePathRelativizedFromConnection0 = StockDownloader\\
		SccProjectUniqueName1 = CodeTester\\CodeTester.csproj
		SccProjectName1 = \u0022$/PeackCalculate/PeackCalculater/CodeTester\u0022,\u0020FAAAAAAA
		SccLocalPath1 = CodeTester
		SccProjectUniqueName2 = DBModel\\DBModel.csproj
		SccProjectName2 = \u0022$/PeackCalculate/PeackCalculater/DBModel\u0022,\u0020MAAAAAAA
		SccLocalPath2 = DBModel
	EndGlobalSection
	GlobalSection(SolutionConfigurationPlatforms) = preSolution
		Debug|Any CPU = Debug|Any CPU
		Debug|Mixed Platforms = Debug|Mixed Platforms
		Debug|x86 = Debug|x86
		Release|Any CPU = Release|Any CPU
		Release|Mixed Platforms = Release|Mixed Platforms
		Release|x86 = Release|x86
	EndGlobalSection
	GlobalSection(ProjectConfigurationPlatforms) = postSolution
		{180EDF1E-B351-4A1B-A6B5-E35BDD6FDC9B}.Debug|Any CPU.ActiveCfg = Debug|x86
		{180EDF1E-B351-4A1B-A6B5-E35BDD6FDC9B}.Debug|Mixed Platforms.ActiveCfg = Debug|x86
		{180EDF1E-B351-4A1B-A6B5-E35BDD6FDC9B}.Debug|Mixed Platforms.Build.0 = Debug|x86
		{180EDF1E-B351-4A1B-A6B5-E35BDD6FDC9B}.Debug|x86.ActiveCfg = Debug|x86
		{180EDF1E-B351-4A1B-A6B5-E35BDD6FDC9B}.Debug|x86.Build.0 = Debug|x86
		{180EDF1E-B351-4A1B-A6B5-E35BDD6FDC9B}.Release|Any CPU.ActiveCfg = Release|x86
		{180EDF1E-B351-4A1B-A6B5-E35BDD6FDC9B}.Release|Mixed Platforms.ActiveCfg = Release|x86
		{180EDF1E-B351-4A1B-A6B5-E35BDD6FDC9B}.Release|Mixed Platforms.Build.0 = Release|x86
		{180EDF1E-B351-4A1B-A6B5-E35BDD6FDC9B}.Release|x86.ActiveCfg = Release|x86
		{180EDF1E-B351-4A1B-A6B5-E35BDD6FDC9B}.Release|x86.Build.0 = Release|x86
		{211C283A-F1E6-44B5-9834-BE54E38B43EB}.Debug|Any CPU.ActiveCfg = Debug|Any CPU
		{211C283A-F1E6-44B5-9834-BE54E38B43EB}.Debug|Any CPU.Build.0 = Debug|Any CPU
		{211C283A-F1E6-44B5-9834-BE54E38B43EB}.Debug|Mixed Platforms.ActiveCfg = Debug|Any CPU
		{211C283A-F1E6-44B5-9834-BE54E38B43EB}.Debug|Mixed Platforms.Build.0 = Debug|Any CPU
		{211C283A-F1E6-44B5-9834-BE54E38B43EB}.Debug|x86.ActiveCfg = Debug|Any CPU
		{211C283A-F1E6-44B5-9834-BE54E38B43EB}.Release|Any CPU.ActiveCfg = Release|Any CPU
		{211C283A-F1E6-44B5-9834-BE54E38B43EB}.Release|Any CPU.Build.0 = Release|Any CPU
		{211C283A-F1E6-44B5-9834-BE54E38B43EB}.Release|Mixed Platforms.ActiveCfg = Release|Any CPU
		{211C283A-F1E6-44B5-9834-BE54E38B43EB}.Release|Mixed Platforms.Build.0 = Release|Any CPU
		{211C283A-F1E6-44B5-9834-BE54E38B43EB}.Release|x86.ActiveCfg = Release|Any CPU
		{A4DAE8BC-7752-45F4-90FD-92604BB3D77F}.Debug|Any CPU.ActiveCfg = Debug|Any CPU
		{A4DAE8BC-7752-45F4-90FD-92604BB3D77F}.Debug|Any CPU.Build.0 = Debug|Any CPU
		{A4DAE8BC-7752-45F4-90FD-92604BB3D77F}.Debug|Mixed Platforms.ActiveCfg = Debug|Any CPU
		{A4DAE8BC-7752-45F4-90FD-92604BB3D77F}.Debug|Mixed Platforms.Build.0 = Debug|Any CPU
		{A4DAE8BC-7752-45F4-90FD-92604BB3D77F}.Debug|x86.ActiveCfg = Debug|Any CPU
		{A4DAE8BC-7752-45F4-90FD-92604BB3D77F}.Release|Any CPU.ActiveCfg = Release|Any CPU
		{A4DAE8BC-7752-45F4-90FD-92604BB3D77F}.Release|Any CPU.Build.0 = Release|Any CPU
		{A4DAE8BC-7752-45F4-90FD-92604BB3D77F}.Release|Mixed Platforms.ActiveCfg = Release|Any CPU
		{A4DAE8BC-7752-45F4-90FD-92604BB3D77F}.Release|Mixed Platforms.Build.0 = Release|Any CPU
		{A4DAE8BC-7752-45F4-90FD-92604BB3D77F}.Release|x86.ActiveCfg = Release|Any CPU
		{03F5E7D0-EE4A-4CB5-AB35-D5CA77AEFE20}.Debug|Any CPU.ActiveCfg = Debug|Any CPU
		{03F5E7D0-EE4A-4CB5-AB35-D5CA77AEFE20}.Debug|Any CPU.Build.0 = Debug|Any CPU
		{03F5E7D0-EE4A-4CB5-AB35-D5CA77AEFE20}.Debug|Mixed Platforms.ActiveCfg = Debug|Any CPU
		{03F5E7D0-EE4A-4CB5-AB35-D5CA77AEFE20}.Debug|Mixed Platforms.Build.0 = Debug|Any CPU
		{03F5E7D0-EE4A-4CB5-AB35-D5CA77AEFE20}.Debug|x86.ActiveCfg = Debug|Any CPU
		{03F5E7D0-EE4A-4CB5-AB35-D5CA77AEFE20}.Release|Any CPU.ActiveCfg = Release|Any CPU
		{03F5E7D0-EE4A-4CB5-AB35-D5CA77AEFE20}.Release|Any CPU.Build.0 = Release|Any CPU
		{03F5E7D0-EE4A-4CB5-AB35-D5CA77AEFE20}.Release|Mixed Platforms.ActiveCfg = Release|Any CPU
		{03F5E7D0-EE4A-4CB5-AB35-D5CA77AEFE20}.Release|Mixed Platforms.Build.0 = Release|Any CPU
		{03F5E7D0-EE4A-4CB5-AB35-D5CA77AEFE20}.Release|x86.ActiveCfg = Release|Any CPU
		{82E9526E-69AD-43BB-8B51-AA71553779D6}.Debug|Any CPU.ActiveCfg = Debug|Any CPU
		{82E9526E-69AD-43BB-8B51-AA71553779D6}.Debug|Any CPU.Build.0 = Debug|Any CPU
		{82E9526E-69AD-43BB-8B51-AA71553779D6}.Debug|Mixed Platforms.ActiveCfg = Debug|Any CPU
		{82E9526E-69AD-43BB-8B51-AA71553779D6}.Debug|Mixed Platforms.Build.0 = Debug|Any CPU
		{82E9526E-69AD-43BB-8B51-AA71553779D6}.Debug|x86.ActiveCfg = Debug|Any CPU
		{82E9526E-69AD-43BB-8B51-AA71553779D6}.Release|Any CPU.ActiveCfg = Release|Any CPU
		{82E9526E-69AD-43BB-8B51-AA71553779D6}.Release|Any CPU.Build.0 = Release|Any CPU
		{82E9526E-69AD-43BB-8B51-AA71553779D6}.Release|Mixed Platforms.ActiveCfg = Release|Any CPU
		{82E9526E-69AD-43BB-8B51-AA71553779D6}.Release|Mixed Platforms.Build.0 = Release|Any CPU
		{82E9526E-69AD-43BB-8B51-AA71553779D6}.Release|x86.ActiveCfg = Release|Any CPU
	EndGlobalSection
	GlobalSection(SolutionProperties) = preSolution
		HideSolutionNode = FALSE
	EndGlobalSection
EndGlobal
